// !$*UTF8*$!
{
	archiveVersion = 1;
	classes = {
	};
	objectVersion = 50;
	objects = {

/* Begin PBXBuildFile section */
		04E4940B2451CED1007BA43C /* AppDelegate.swift in Sources */ = {isa = PBXBuildFile; fileRef = 04E4940A2451CED1007BA43C /* AppDelegate.swift */; };
		04E4940D2451CED1007BA43C /* SceneDelegate.swift in Sources */ = {isa = PBXBuildFile; fileRef = 04E4940C2451CED1007BA43C /* SceneDelegate.swift */; };
		04E4940F2451CED1007BA43C /* ViewController.swift in Sources */ = {isa = PBXBuildFile; fileRef = 04E4940E2451CED1007BA43C /* ViewController.swift */; };
		04E494122451CED1007BA43C /* Main.storyboard in Resources */ = {isa = PBXBuildFile; fileRef = 04E494102451CED1007BA43C /* Main.storyboard */; };
		04E494152451CED1007BA43C /* post__app.xcdatamodeld in Sources */ = {isa = PBXBuildFile; fileRef = 04E494132451CED1007BA43C /* post__app.xcdatamodeld */; };
		04E494172451CED4007BA43C /* Assets.xcassets in Resources */ = {isa = PBXBuildFile; fileRef = 04E494162451CED4007BA43C /* Assets.xcassets */; };
		04E4941A2451CED4007BA43C /* LaunchScreen.storyboard in Resources */ = {isa = PBXBuildFile; fileRef = 04E494182451CED4007BA43C /* LaunchScreen.storyboard */; };
/* End PBXBuildFile section */

/* Begin PBXFileReference section */
		04E494072451CED1007BA43C /* post -app.app */ = {isa = PBXFileReference; explicitFileType = wrapper.application; includeInIndex = 0; path = "post -app.app"; sourceTree = BUILT_PRODUCTS_DIR; };
		04E4940A2451CED1007BA43C /* AppDelegate.swift */ = {isa = PBXFileReference; lastKnownFileType = sourcecode.swift; path = AppDelegate.swift; sourceTree = "<group>"; };
		04E4940C2451CED1007BA43C /* SceneDelegate.swift */ = {isa = PBXFileReference; lastKnownFileType = sourcecode.swift; path = SceneDelegate.swift; sourceTree = "<group>"; };
		04E4940E2451CED1007BA43C /* ViewController.swift */ = {isa = PBXFileReference; lastKnownFileType = sourcecode.swift; path = ViewController.swift; sourceTree = "<group>"; };
		04E494112451CED1007BA43C /* Base */ = {isa = PBXFileReference; lastKnownFileType = file.storyboard; name = Base; path = Base.lproj/Main.storyboard; sourceTree = "<group>"; };
		04E494142451CED1007BA43C /* post__app.xcdatamodel */ = {isa = PBXFileReference; lastKnownFileType = wrapper.xcdatamodel; path = post__app.xcdatamodel; sourceTree = "<group>"; };
		04E494162451CED4007BA43C /* Assets.xcassets */ = {isa = PBXFileReference; lastKnownFileType = folder.assetcatalog; path = Assets.xcassets; sourceTree = "<group>"; };
		04E494192451CED4007BA43C /* Base */ = {isa = PBXFileReference; lastKnownFileType = file.storyboard; name = Base; path = Base.lproj/LaunchScreen.storyboard; sourceTree = "<group>"; };
		04E4941B2451CED4007BA43C /* Info.plist */ = {isa = PBXFileReference; lastKnownFileType = text.plist.xml; path = Info.plist; sourceTree = "<group>"; };
/* End PBXFileReference section */

/* Begin PBXFrameworksBuildPhase section */
		04E494042451CED1007BA43C /* Frameworks */ = {
			isa = PBXFrameworksBuildPhase;
			buildActionMask = 2147483647;
			files = (
			);
			runOnlyForDeploymentPostprocessing = 0;
		};
/* End PBXFrameworksBuildPhase section */

/* Begin PBXGroup section */
		04E493FE2451CED1007BA43C = {
			isa = PBXGroup;
			children = (
				04E494092451CED1007BA43C /* post -app */,
				04E494082451CED1007BA43C /* Products */,
			);
			sourceTree = "<group>";
		};
		04E494082451CED1007BA43C /* Products */ = {
			isa = PBXGroup;
			children = (
				04E494072451CED1007BA43C /* post -app.app */,
			);
			name = Products;
			sourceTree = "<group>";
		};
		04E494092451CED1007BA43C /* post -app */ = {
			isa = PBXGroup;
			children = (
				04E4940A2451CED1007BA43C /* AppDelegate.swift */,
				04E4940C2451CED1007BA43C /* SceneDelegate.swift */,
				04E4940E2451CED1007BA43C /* ViewController.swift */,
				04E494102451CED1007BA43C /* Main.storyboard */,
				04E494162451CED4007BA43C /* Assets.xcassets */,
				04E494182451CED4007BA43C /* LaunchScreen.storyboard */,
				04E4941B2451CED4007BA43C /* Info.plist */,
				04E494132451CED1007BA43C /* post__app.xcdatamodeld */,
			);
			path = "post -app";
			sourceTree = "<group>";
		};
/* End PBXGroup section */

/* Begin PBXNativeTarget section */
		04E494062451CED1007BA43C /* post -app */ = {
			isa = PBXNativeTarget;
			buildConfigurationList = 04E4941E2451CED5007BA43C /* Build configuration list for PBXNativeTarget "post -app" */;
			buildPhases = (
				04E494032451CED1007BA43C /* Sources */,
				04E494042451CED1007BA43C /* Frameworks */,
				04E494052451CED1007BA43C /* Resources */,
			);
			buildRules = (
			);
			dependencies = (
			);
			name = "post -app";
			productName = "post -app";
			productReference = 04E494072451CED1007BA43C /* post -app.app */;
			productType = "com.apple.product-type.application";
		};
/* End PBXNativeTarget section */

/* Begin PBXProject section */
		04E493FF2451CED1007BA43C /* Project object */ = {
			isa = PBXProject;
			attributes = {
				LastSwiftUpdateCheck = 1140;
				LastUpgradeCheck = 1140;
				ORGANIZATIONNAME = "Sarthak Jha ";
				TargetAttributes = {
					04E494062451CED1007BA43C = {
						CreatedOnToolsVersion = 11.4.1;
					};
				};
			};
			buildConfigurationList = 04E494022451CED1007BA43C /* Build configuration list for PBXProject "post -app" */;
			compatibilityVersion = "Xcode 9.3";
			developmentRegion = en;
			hasScannedForEncodings = 0;
			knownRegions = (
				en,
				Base,
			);
			mainGroup = 04E493FE2451CED1007BA43C;
			productRefGroup = 04E494082451CED1007BA43C /* Products */;
			projectDirPath = "";
			projectRoot = "";
			targets = (
				04E494062451CED1007BA43C /* post -app */,
			);
		};
/* End PBXProject section */

/* Begin PBXResourcesBuildPhase section */
		04E494052451CED1007BA43C /* Resources */ = {
			isa = PBXResourcesBuildPhase;
			buildActionMask = 2147483647;
			files = (
				04E4941A2451CED4007BA43C /* LaunchScreen.storyboard in Resources */,
				04E494172451CED4007BA43C /* Assets.xcassets in Resources */,
				04E494122451CED1007BA43C /* Main.storyboard in Resources */,
			);
			runOnlyForDeploymentPostprocessing = 0;
		};
/* End PBXResourcesBuildPhase section */

/* Begin PBXSourcesBuildPhase section */
		04E494032451CED1007BA43C /* Sources */ = {
			isa = PBXSourcesBuildPhase;
			buildActionMask = 2147483647;
			files = (
				04E4940F2451CED1007BA43C /* ViewController.swift in Sources */,
				04E4940B2451CED1007BA43C /* AppDelegate.swift in Sources */,
				04E4940D2451CED1007BA43C /* SceneDelegate.swift in Sources */,
				04E494152451CED1007BA43C /* post__app.xcdatamodeld in Sources */,
			);
			runOnlyForDeploymentPostprocessing = 0;
		};
/* End PBXSourcesBuildPhase section */

/* Begin PBXVariantGroup section */
		04E494102451CED1007BA43C /* Main.storyboard */ = {
			isa = PBXVariantGroup;
			children = (
				04E494112451CED1007BA43C /* Base */,
			);
			name = Main.storyboard;
			sourceTree = "<group>";
		};
		04E494182451CED4007BA43C /* LaunchScreen.storyboard */ = {
			isa = PBXVariantGroup;
			children = (
				04E494192451CED4007BA43C /* Base */,
			);
			name = LaunchScreen.storyboard;
			sourceTree = "<group>";
		};
/* End PBXVariantGroup section */

/* Begin XCBuildConfiguration section */
		04E4941C2451CED5007BA43C /* Debug */ = {
			isa = XCBuildConfiguration;
			buildSettings = {
				ALWAYS_SEARCH_USER_PATHS = NO;
				CLANG_ANALYZER_NONNULL = YES;
				CLANG_ANALYZER_NUMBER_OBJECT_CONVERSION = YES_AGGRESSIVE;
				CLANG_CXX_LANGUAGE_STANDARD = "gnu++14";
				CLANG_CXX_LIBRARY = "libc++";
				CLANG_ENABLE_MODULES = YES;
				CLANG_ENABLE_OBJC_ARC = YES;
				CLANG_ENABLE_OBJC_WEAK = YES;
				CLANG_WARN_BLOCK_CAPTURE_AUTORELEASING = YES;
				CLANG_WARN_BOOL_CONVERSION = YES;
				CLANG_WARN_COMMA = YES;
				CLANG_WARN_CONSTANT_CONVERSION = YES;
				CLANG_WARN_DEPRECATED_OBJC_IMPLEMENTATIONS = YES;
				CLANG_WARN_DIRECT_OBJC_ISA_USAGE = YES_ERROR;
				CLANG_WARN_DOCUMENTATION_COMMENTS = YES;
				CLANG_WARN_EMPTY_BODY = YES;
				CLANG_WARN_ENUM_CONVERSION = YES;
				CLANG_WARN_INFINITE_RECURSION = YES;
				CLANG_WARN_INT_CONVERSION = YES;
				CLANG_WARN_NON_LITERAL_NULL_CONVERSION = YES;
				CLANG_WARN_OBJC_IMPLICIT_RETAIN_SELF = YES;
				CLANG_WARN_OBJC_LITERAL_CONVERSION = YES;
				CLANG_WARN_OBJC_ROOT_CLASS = YES_ERROR;
				CLANG_WARN_RANGE_LOOP_ANALYSIS = YES;
				CLANG_WARN_STRICT_PROTOTYPES = YES;
				CLANG_WARN_SUSPICIOUS_MOVE = YES;
				CLANG_WARN_UNGUARDED_AVAILABILITY = YES_AGGRESSIVE;
				CLANG_WARN_UNREACHABLE_CODE = YES;
				CLANG_WARN__DUPLICATE_METHOD_MATCH = YES;
				COPY_PHASE_STRIP = NO;
				DEBUG_INFORMATION_FORMAT = dwarf;
				ENABLE_STRICT_OBJC_MSGSEND = YES;
				ENABLE_TESTABILITY = YES;
				GCC_C_LANGUAGE_STANDARD = gnu11;
				GCC_DYNAMIC_NO_PIC = NO;
				GCC_NO_COMMON_BLOCKS = YES;
				GCC_OPTIMIZATION_LEVEL = 0;
				GCC_PREPROCESSOR_DEFINITIONS = (
					"DEBUG=1",
					"$(inherited)",
				);
				GCC_WARN_64_TO_32_BIT_CONVERSION = YES;
				GCC_WARN_ABOUT_RETURN_TYPE = YES_ERROR;
				GCC_WARN_UNDECLARED_SELECTOR = YES;
				GCC_WARN_UNINITIALIZED_AUTOS = YES_AGGRESSIVE;
				GCC_WARN_UNUSED_FUNCTION = YES;
				GCC_WARN_UNUSED_VARIABLE = YES;
				IPHONEOS_DEPLOYMENT_TARGET = 13.4;
				MTL_ENABLE_DEBUG_INFO = INCLUDE_SOURCE;
				MTL_FAST_MATH = YES;
				ONLY_ACTIVE_ARCH = YES;
				SDKROOT = iphoneos;
				SWIFT_ACTIVE_COMPILATION_CONDITIONS = DEBUG;
				SWIFT_OPTIMIZATION_LEVEL = "-Onone";
			};
			name = Debug;
		};
		04E4941D2451CED5007BA43C /* Release */ = {
			isa = XCBuildConfiguration;
			buildSettings = {
				ALWAYS_SEARCH_USER_PATHS = NO;
				CLANG_ANALYZER_NONNULL = YES;
				CLANG_ANALYZER_NUMBER_OBJECT_CONVERSION = YES_AGGRESSIVE;
				CLANG_CXX_LANGUAGE_STANDARD = "gnu++14";
				CLANG_CXX_LIBRARY = "libc++";
				CLANG_ENABLE_MODULES = YES;
				CLANG_ENABLE_OBJC_ARC = YES;
				CLANG_ENABLE_OBJC_WEAK = YES;
				CLANG_WARN_BLOCK_CAPTURE_AUTORELEASING = YES;
				CLANG_WARN_BOOL_CONVERSION = YES;
				CLANG_WARN_COMMA = YES;
				CLANG_WARN_CONSTANT_CONVERSION = YES;
				CLANG_WARN_DEPRECATED_OBJC_IMPLEMENTATIONS = YES;
				CLANG_WARN_DIRECT_OBJC_ISA_USAGE = YES_ERROR;
				CLANG_WARN_DOCUMENTATION_COMMENTS = YES;
				CLANG_WARN_EMPTY_BODY = YES;
				CLANG_WARN_ENUM_CONVERSION = YES;
				CLANG_WARN_INFINITE_RECURSION = YES;
				CLANG_WARN_INT_CONVERSION = YES;
				CLANG_WARN_NON_LITERAL_NULL_CONVERSION = YES;
				CLANG_WARN_OBJC_IMPLICIT_RETAIN_SELF = YES;
				CLANG_WARN_OBJC_LITERAL_CONVERSION = YES;
				CLANG_WARN_OBJC_ROOT_CLASS = YES_ERROR;
				CLANG_WARN_RANGE_LOOP_ANALYSIS = YES;
				CLANG_WARN_STRICT_PROTOTYPES = YES;
				CLANG_WARN_SUSPICIOUS_MOVE = YES;
				CLANG_WARN_UNGUARDED_AVAILABILITY = YES_AGGRESSIVE;
				CLANG_WARN_UNREACHABLE_CODE = YES;
				CLANG_WARN__DUPLICATE_METHOD_MATCH = YES;
				COPY_PHASE_STRIP = NO;
				DEBUG_INFORMATION_FORMAT = "dwarf-with-dsym";
				ENABLE_NS_ASSERTIONS = NO;
				ENABLE_STRICT_OBJC_MSGSEND = YES;
				GCC_C_LANGUAGE_STANDARD = gnu11;
				GCC_NO_COMMON_BLOCKS = YES;
				GCC_WARN_64_TO_32_BIT_CONVERSION = YES;
				GCC_WARN_ABOUT_RETURN_TYPE = YES_ERROR;
				GCC_WARN_UNDECLARED_SELECTOR = YES;
				GCC_WARN_UNINITIALIZED_AUTOS = YES_AGGRESSIVE;
				GCC_WARN_UNUSED_FUNCTION = YES;
				GCC_WARN_UNUSED_VARIABLE = YES;
				IPHONEOS_DEPLOYMENT_TARGET = 13.4;
				MTL_ENABLE_DEBUG_INFO = NO;
				MTL_FAST_MATH = YES;
				SDKROOT = iphoneos;
				SWIFT_COMPILATION_MODE = wholemodule;
				SWIFT_OPTIMIZATION_LEVEL = "-O";
				VALIDATE_PRODUCT = YES;
			};
			name = Release;
		};
		04E4941F2451CED5007BA43C /* Debug */ = {
			isa = XCBuildConfiguration;
			buildSettings = {
				ASSETCATALOG_COMPILER_APPICON_NAME = AppIcon;
				CODE_SIGN_STYLE = Automatic;
				INFOPLIST_FILE = "post -app/Info.plist";
				LD_RUNPATH_SEARCH_PATHS = (
					"$(inherited)",
					"@executable_path/Frameworks",
				);
				PRODUCT_BUNDLE_IDENTIFIER = "com.sarthakJ.post--app";
				PRODUCT_NAME = "$(TARGET_NAME)";
				SWIFT_VERSION = 5.0;
				TARGETED_DEVICE_FAMILY = "1,2";
			};
			name = Debug;
		};
		04E494202451CED5007BA43C /* Release */ = {
			isa = XCBuildConfiguration;
			buildSettings = {
				ASSETCATALOG_COMPILER_APPICON_NAME = AppIcon;
				CODE_SIGN_STYLE = Automatic;
				INFOPLIST_FILE = "post -app/Info.plist";
				LD_RUNPATH_SEARCH_PATHS = (
					"$(inherited)",
					"@executable_path/Frameworks",
				);
				PRODUCT_BUNDLE_IDENTIFIER = "com.sarthakJ.post--app";
				PRODUCT_NAME = "$(TARGET_NAME)";
				SWIFT_VERSION = 5.0;
				TARGETED_DEVICE_FAMILY = "1,2";
			};
			name = Release;
		};
/* End XCBuildConfiguration section */

/* Begin XCConfigurationList section */
		04E494022451CED1007BA43C /* Build configuration list for PBXProject "post -app" */ = {
			isa = XCConfigurationList;
			buildConfigurations = (
				04E4941C2451CED5007BA43C /* Debug */,
				04E4941D2451CED5007BA43C /* Release */,
			);
			defaultConfigurationIsVisible = 0;
			defaultConfigurationName = Release;
		};
		04E4941E2451CED5007BA43C /* Build configuration list for PBXNativeTarget "post -app" */ = {
			isa = XCConfigurationList;
			buildConfigurations = (
				04E4941F2451CED5007BA43C /* Debug */,
				04E494202451CED5007BA43C /* Release */,
			);
			defaultConfigurationIsVisible = 0;
			defaultConfigurationName = Release;
		};
/* End XCConfigurationList section */

/* Begin XCVersionGroup section */
		04E494132451CED1007BA43C /* post__app.xcdatamodeld */ = {
			isa = XCVersionGroup;
			children = (
				04E494142451CED1007BA43C /* post__app.xcdatamodel */,
			);
			currentVersion = 04E494142451CED1007BA43C /* post__app.xcdatamodel */;
			path = post__app.xcdatamodeld;
			sourceTree = "<group>";
			versionGroupType = wrapper.xcdatamodel;
		};
/* End XCVersionGroup section */
	};
	rootObject = 04E493FF2451CED1007BA43C /* Project object */;
}
